
Microsoft Visual Studio Solution File, Format Version 12.00
# Visual Studio 15
VisualStudioVersion = 15.0.28307.168
MinimumVisualStudioVersion = 10.0.40219.1
Project("{FAE04EC0-301F-11D3-BF4B-00C04F79EFBC}") = "ConsoleApp2", "ConsoleApp2\ConsoleApp2.csproj", "{00B8E675-CB58-4CB6-9481-9D2A91BE9372}"
EndProject
Global
	GlobalSection(SolutionConfigurationPlatforms) = preSolution
		Debug|Any CPU = Debug|Any CPU
		Release|Any CPU = Release|Any CPU
	EndGlobalSection
	GlobalSection(ProjectConfigurationPlatforms) = postSolution
		{00B8E675-CB58-4CB6-9481-9D2A91BE9372}.Debug|Any CPU.ActiveCfg = Debug|Any CPU
		{00B8E675-CB58-4CB6-9481-9D2A91BE9372}.Debug|Any CPU.Build.0 = Debug|Any CPU
		{00B8E675-CB58-4CB6-9481-9D2A91BE9372}.Release|Any CPU.ActiveCfg = Release|Any CPU
		{00B8E675-CB58-4CB6-9481-9D2A91BE9372}.Release|Any CPU.Build.0 = Release|Any CPU
	EndGlobalSection
	GlobalSection(SolutionProperties) = preSolution
		HideSolutionNode = FALSE
	EndGlobalSection
	GlobalSection(ExtensibilityGlobals) = postSolution
		SolutionGuid = {F379B1FB-65C3-4B5E-9C2B-3F166F8396DD}
	EndGlobalSection
EndGlobal
