
Microsoft Visual Studio Solution File, Format Version 12.00
# Visual Studio 15
VisualStudioVersion = 15.0.28307.106
MinimumVisualStudioVersion = 10.0.40219.1
Project("{FAE04EC0-301F-11D3-BF4B-00C04F79EFBC}") = "gæt et tal 2", "gæt et tal 2\gæt et tal 2.csproj", "{62F2B13D-96B7-43CE-8905-02916D6249D4}"
EndProject
Global
	GlobalSection(SolutionConfigurationPlatforms) = preSolution
		Debug|Any CPU = Debug|Any CPU
		Release|Any CPU = Release|Any CPU
	EndGlobalSection
	GlobalSection(ProjectConfigurationPlatforms) = postSolution
		{62F2B13D-96B7-43CE-8905-02916D6249D4}.Debug|Any CPU.ActiveCfg = Debug|Any CPU
		{62F2B13D-96B7-43CE-8905-02916D6249D4}.Debug|Any CPU.Build.0 = Debug|Any CPU
		{62F2B13D-96B7-43CE-8905-02916D6249D4}.Release|Any CPU.ActiveCfg = Release|Any CPU
		{62F2B13D-96B7-43CE-8905-02916D6249D4}.Release|Any CPU.Build.0 = Release|Any CPU
	EndGlobalSection
	GlobalSection(SolutionProperties) = preSolution
		HideSolutionNode = FALSE
	EndGlobalSection
	GlobalSection(ExtensibilityGlobals) = postSolution
		SolutionGuid = {B34AC9A0-E169-4F43-B78C-5A07F9B7CDEE}
	EndGlobalSection
EndGlobal
