
Microsoft Visual Studio Solution File, Format Version 12.00
# Visual Studio 15
VisualStudioVersion = 15.0.28307.106
MinimumVisualStudioVersion = 10.0.40219.1
Project("{FAE04EC0-301F-11D3-BF4B-00C04F79EFBC}") = "Porto2", "Porto2\Porto2.csproj", "{B2BD8DF6-457D-4B20-A207-CDDC0D64E9F8}"
EndProject
Global
	GlobalSection(SolutionConfigurationPlatforms) = preSolution
		Debug|Any CPU = Debug|Any CPU
		Release|Any CPU = Release|Any CPU
	EndGlobalSection
	GlobalSection(ProjectConfigurationPlatforms) = postSolution
		{B2BD8DF6-457D-4B20-A207-CDDC0D64E9F8}.Debug|Any CPU.ActiveCfg = Debug|Any CPU
		{B2BD8DF6-457D-4B20-A207-CDDC0D64E9F8}.Debug|Any CPU.Build.0 = Debug|Any CPU
		{B2BD8DF6-457D-4B20-A207-CDDC0D64E9F8}.Release|Any CPU.ActiveCfg = Release|Any CPU
		{B2BD8DF6-457D-4B20-A207-CDDC0D64E9F8}.Release|Any CPU.Build.0 = Release|Any CPU
	EndGlobalSection
	GlobalSection(SolutionProperties) = preSolution
		HideSolutionNode = FALSE
	EndGlobalSection
	GlobalSection(ExtensibilityGlobals) = postSolution
		SolutionGuid = {9F6A1182-F6F6-4505-B7D5-26AA10362E83}
	EndGlobalSection
EndGlobal
