
Microsoft Visual Studio Solution File, Format Version 12.00
# Visual Studio 15
VisualStudioVersion = 15.0.28307.168
MinimumVisualStudioVersion = 10.0.40219.1
Project("{FAE04EC0-301F-11D3-BF4B-00C04F79EFBC}") = "valutaomregner", "valutaomregner\valutaomregner.csproj", "{ADD7C1F2-CF37-45A4-BCFD-AE135365E08E}"
EndProject
Global
	GlobalSection(SolutionConfigurationPlatforms) = preSolution
		Debug|Any CPU = Debug|Any CPU
		Release|Any CPU = Release|Any CPU
	EndGlobalSection
	GlobalSection(ProjectConfigurationPlatforms) = postSolution
		{ADD7C1F2-CF37-45A4-BCFD-AE135365E08E}.Debug|Any CPU.ActiveCfg = Debug|Any CPU
		{ADD7C1F2-CF37-45A4-BCFD-AE135365E08E}.Debug|Any CPU.Build.0 = Debug|Any CPU
		{ADD7C1F2-CF37-45A4-BCFD-AE135365E08E}.Release|Any CPU.ActiveCfg = Release|Any CPU
		{ADD7C1F2-CF37-45A4-BCFD-AE135365E08E}.Release|Any CPU.Build.0 = Release|Any CPU
	EndGlobalSection
	GlobalSection(SolutionProperties) = preSolution
		HideSolutionNode = FALSE
	EndGlobalSection
	GlobalSection(ExtensibilityGlobals) = postSolution
		SolutionGuid = {63B30B17-579B-41DE-B0BE-29920D272EA3}
	EndGlobalSection
EndGlobal
