
Microsoft Visual Studio Solution File, Format Version 12.00
# Visual Studio 15
VisualStudioVersion = 15.0.28307.106
MinimumVisualStudioVersion = 10.0.40219.1
Project("{FAE04EC0-301F-11D3-BF4B-00C04F79EFBC}") = "lecture 22 exercise 3", "lecture 22 exercise 3\lecture 22 exercise 3.csproj", "{F86E61FD-9E81-4490-8C8F-A87527672DD2}"
EndProject
Global
	GlobalSection(SolutionConfigurationPlatforms) = preSolution
		Debug|Any CPU = Debug|Any CPU
		Release|Any CPU = Release|Any CPU
	EndGlobalSection
	GlobalSection(ProjectConfigurationPlatforms) = postSolution
		{F86E61FD-9E81-4490-8C8F-A87527672DD2}.Debug|Any CPU.ActiveCfg = Debug|Any CPU
		{F86E61FD-9E81-4490-8C8F-A87527672DD2}.Debug|Any CPU.Build.0 = Debug|Any CPU
		{F86E61FD-9E81-4490-8C8F-A87527672DD2}.Release|Any CPU.ActiveCfg = Release|Any CPU
		{F86E61FD-9E81-4490-8C8F-A87527672DD2}.Release|Any CPU.Build.0 = Release|Any CPU
	EndGlobalSection
	GlobalSection(SolutionProperties) = preSolution
		HideSolutionNode = FALSE
	EndGlobalSection
	GlobalSection(ExtensibilityGlobals) = postSolution
		SolutionGuid = {0C4A003F-5ADA-4288-BA3A-5857BEE60A48}
	EndGlobalSection
EndGlobal
