
Microsoft Visual Studio Solution File, Format Version 12.00
# Visual Studio 15
VisualStudioVersion = 15.0.28307.106
MinimumVisualStudioVersion = 10.0.40219.1
Project("{FAE04EC0-301F-11D3-BF4B-00C04F79EFBC}") = "Planeterne", "Planeterne\Planeterne.csproj", "{DBF86A8D-F97F-488E-B3F5-0C93054D1281}"
EndProject
Global
	GlobalSection(SolutionConfigurationPlatforms) = preSolution
		Debug|Any CPU = Debug|Any CPU
		Release|Any CPU = Release|Any CPU
	EndGlobalSection
	GlobalSection(ProjectConfigurationPlatforms) = postSolution
		{DBF86A8D-F97F-488E-B3F5-0C93054D1281}.Debug|Any CPU.ActiveCfg = Debug|Any CPU
		{DBF86A8D-F97F-488E-B3F5-0C93054D1281}.Debug|Any CPU.Build.0 = Debug|Any CPU
		{DBF86A8D-F97F-488E-B3F5-0C93054D1281}.Release|Any CPU.ActiveCfg = Release|Any CPU
		{DBF86A8D-F97F-488E-B3F5-0C93054D1281}.Release|Any CPU.Build.0 = Release|Any CPU
	EndGlobalSection
	GlobalSection(SolutionProperties) = preSolution
		HideSolutionNode = FALSE
	EndGlobalSection
	GlobalSection(ExtensibilityGlobals) = postSolution
		SolutionGuid = {215EB3F9-8A6B-423F-8D1C-72CDC9008FAA}
	EndGlobalSection
EndGlobal
