
Microsoft Visual Studio Solution File, Format Version 12.00
# Visual Studio 15
VisualStudioVersion = 15.0.28307.168
MinimumVisualStudioVersion = 10.0.40219.1
Project("{FAE04EC0-301F-11D3-BF4B-00C04F79EFBC}") = "lotto", "lotto\lotto.csproj", "{78FB3EDB-679C-4331-94EE-8F4386CFDB2B}"
EndProject
Global
	GlobalSection(SolutionConfigurationPlatforms) = preSolution
		Debug|Any CPU = Debug|Any CPU
		Release|Any CPU = Release|Any CPU
	EndGlobalSection
	GlobalSection(ProjectConfigurationPlatforms) = postSolution
		{78FB3EDB-679C-4331-94EE-8F4386CFDB2B}.Debug|Any CPU.ActiveCfg = Debug|Any CPU
		{78FB3EDB-679C-4331-94EE-8F4386CFDB2B}.Debug|Any CPU.Build.0 = Debug|Any CPU
		{78FB3EDB-679C-4331-94EE-8F4386CFDB2B}.Release|Any CPU.ActiveCfg = Release|Any CPU
		{78FB3EDB-679C-4331-94EE-8F4386CFDB2B}.Release|Any CPU.Build.0 = Release|Any CPU
	EndGlobalSection
	GlobalSection(SolutionProperties) = preSolution
		HideSolutionNode = FALSE
	EndGlobalSection
	GlobalSection(ExtensibilityGlobals) = postSolution
		SolutionGuid = {C94B3F85-CE46-41D3-A375-D74070DE5BA3}
	EndGlobalSection
EndGlobal
