
Microsoft Visual Studio Solution File, Format Version 12.00
# Visual Studio 15
VisualStudioVersion = 15.0.28307.106
MinimumVisualStudioVersion = 10.0.40219.1
Project("{FAE04EC0-301F-11D3-BF4B-00C04F79EFBC}") = "Terningkastet", "Terningkastet\Terningkastet.csproj", "{7A5C5C07-6B83-4DB2-ACEE-CDB12B450ECD}"
EndProject
Global
	GlobalSection(SolutionConfigurationPlatforms) = preSolution
		Debug|Any CPU = Debug|Any CPU
		Release|Any CPU = Release|Any CPU
	EndGlobalSection
	GlobalSection(ProjectConfigurationPlatforms) = postSolution
		{7A5C5C07-6B83-4DB2-ACEE-CDB12B450ECD}.Debug|Any CPU.ActiveCfg = Debug|Any CPU
		{7A5C5C07-6B83-4DB2-ACEE-CDB12B450ECD}.Debug|Any CPU.Build.0 = Debug|Any CPU
		{7A5C5C07-6B83-4DB2-ACEE-CDB12B450ECD}.Release|Any CPU.ActiveCfg = Release|Any CPU
		{7A5C5C07-6B83-4DB2-ACEE-CDB12B450ECD}.Release|Any CPU.Build.0 = Release|Any CPU
	EndGlobalSection
	GlobalSection(SolutionProperties) = preSolution
		HideSolutionNode = FALSE
	EndGlobalSection
	GlobalSection(ExtensibilityGlobals) = postSolution
		SolutionGuid = {677EEE5A-3E36-4375-A3EE-3A16595AE558}
	EndGlobalSection
EndGlobal
