
Microsoft Visual Studio Solution File, Format Version 12.00
# Visual Studio 15
VisualStudioVersion = 15.0.28307.168
MinimumVisualStudioVersion = 10.0.40219.1
Project("{FAE04EC0-301F-11D3-BF4B-00C04F79EFBC}") = "rumfanget", "rumfanget\rumfanget.csproj", "{E9B3B21A-4619-4230-B31B-11063591802C}"
EndProject
Global
	GlobalSection(SolutionConfigurationPlatforms) = preSolution
		Debug|Any CPU = Debug|Any CPU
		Release|Any CPU = Release|Any CPU
	EndGlobalSection
	GlobalSection(ProjectConfigurationPlatforms) = postSolution
		{E9B3B21A-4619-4230-B31B-11063591802C}.Debug|Any CPU.ActiveCfg = Debug|Any CPU
		{E9B3B21A-4619-4230-B31B-11063591802C}.Debug|Any CPU.Build.0 = Debug|Any CPU
		{E9B3B21A-4619-4230-B31B-11063591802C}.Release|Any CPU.ActiveCfg = Release|Any CPU
		{E9B3B21A-4619-4230-B31B-11063591802C}.Release|Any CPU.Build.0 = Release|Any CPU
	EndGlobalSection
	GlobalSection(SolutionProperties) = preSolution
		HideSolutionNode = FALSE
	EndGlobalSection
	GlobalSection(ExtensibilityGlobals) = postSolution
		SolutionGuid = {B89711B0-02D3-4D5F-B64E-B45B310D9EF4}
	EndGlobalSection
EndGlobal
