
Microsoft Visual Studio Solution File, Format Version 12.00
# Visual Studio 15
VisualStudioVersion = 15.0.28307.136
MinimumVisualStudioVersion = 10.0.40219.1
Project("{FAE04EC0-301F-11D3-BF4B-00C04F79EFBC}") = "Lecture 61 exercise 2", "Lecture 61 exercise 2\Lecture 61 exercise 2.csproj", "{A589E97D-0BBD-43B0-B4E4-4BF57E954D38}"
EndProject
Global
	GlobalSection(SolutionConfigurationPlatforms) = preSolution
		Debug|Any CPU = Debug|Any CPU
		Release|Any CPU = Release|Any CPU
	EndGlobalSection
	GlobalSection(ProjectConfigurationPlatforms) = postSolution
		{A589E97D-0BBD-43B0-B4E4-4BF57E954D38}.Debug|Any CPU.ActiveCfg = Debug|Any CPU
		{A589E97D-0BBD-43B0-B4E4-4BF57E954D38}.Debug|Any CPU.Build.0 = Debug|Any CPU
		{A589E97D-0BBD-43B0-B4E4-4BF57E954D38}.Release|Any CPU.ActiveCfg = Release|Any CPU
		{A589E97D-0BBD-43B0-B4E4-4BF57E954D38}.Release|Any CPU.Build.0 = Release|Any CPU
	EndGlobalSection
	GlobalSection(SolutionProperties) = preSolution
		HideSolutionNode = FALSE
	EndGlobalSection
	GlobalSection(ExtensibilityGlobals) = postSolution
		SolutionGuid = {1FA4EDA8-DB37-4A6D-A44C-075A02228351}
	EndGlobalSection
EndGlobal
