
Microsoft Visual Studio Solution File, Format Version 12.00
# Visual Studio 15
VisualStudioVersion = 15.0.28307.329
MinimumVisualStudioVersion = 10.0.40219.1
Project("{FAE04EC0-301F-11D3-BF4B-00C04F79EFBC}") = "Planets", "Planets\Planets.csproj", "{EB4BB563-49C1-4D03-B52C-1C70C3B20CFD}"
EndProject
Global
	GlobalSection(SolutionConfigurationPlatforms) = preSolution
		Debug|Any CPU = Debug|Any CPU
		Release|Any CPU = Release|Any CPU
	EndGlobalSection
	GlobalSection(ProjectConfigurationPlatforms) = postSolution
		{EB4BB563-49C1-4D03-B52C-1C70C3B20CFD}.Debug|Any CPU.ActiveCfg = Debug|Any CPU
		{EB4BB563-49C1-4D03-B52C-1C70C3B20CFD}.Debug|Any CPU.Build.0 = Debug|Any CPU
		{EB4BB563-49C1-4D03-B52C-1C70C3B20CFD}.Release|Any CPU.ActiveCfg = Release|Any CPU
		{EB4BB563-49C1-4D03-B52C-1C70C3B20CFD}.Release|Any CPU.Build.0 = Release|Any CPU
	EndGlobalSection
	GlobalSection(SolutionProperties) = preSolution
		HideSolutionNode = FALSE
	EndGlobalSection
	GlobalSection(ExtensibilityGlobals) = postSolution
		SolutionGuid = {46FBF4DE-16CD-49D3-908A-808213A00788}
	EndGlobalSection
EndGlobal
