
Microsoft Visual Studio Solution File, Format Version 12.00
# Visual Studio Version 16
VisualStudioVersion = 16.0.29215.179
MinimumVisualStudioVersion = 10.0.40219.1
Project("{FAE04EC0-301F-11D3-BF4B-00C04F79EFBC}") = "tiktaktoe", "tiktaktoe\tiktaktoe.csproj", "{0A343C49-4517-448F-BE24-536642044D7E}"
EndProject
Global
	GlobalSection(SolutionConfigurationPlatforms) = preSolution
		Debug|Any CPU = Debug|Any CPU
		Release|Any CPU = Release|Any CPU
	EndGlobalSection
	GlobalSection(ProjectConfigurationPlatforms) = postSolution
		{0A343C49-4517-448F-BE24-536642044D7E}.Debug|Any CPU.ActiveCfg = Debug|Any CPU
		{0A343C49-4517-448F-BE24-536642044D7E}.Debug|Any CPU.Build.0 = Debug|Any CPU
		{0A343C49-4517-448F-BE24-536642044D7E}.Release|Any CPU.ActiveCfg = Release|Any CPU
		{0A343C49-4517-448F-BE24-536642044D7E}.Release|Any CPU.Build.0 = Release|Any CPU
	EndGlobalSection
	GlobalSection(SolutionProperties) = preSolution
		HideSolutionNode = FALSE
	EndGlobalSection
	GlobalSection(ExtensibilityGlobals) = postSolution
		SolutionGuid = {875CD9CC-C18E-4484-872C-B4055BB0A5D0}
	EndGlobalSection
EndGlobal
