
Microsoft Visual Studio Solution File, Format Version 12.00
# Visual Studio 15
VisualStudioVersion = 15.0.28307.106
MinimumVisualStudioVersion = 10.0.40219.1
Project("{FAE04EC0-301F-11D3-BF4B-00C04F79EFBC}") = "Basic methods", "Basic methods\Basic methods.csproj", "{F7DF76F7-C4BD-44D9-A6DE-6F93B595812F}"
EndProject
Global
	GlobalSection(SolutionConfigurationPlatforms) = preSolution
		Debug|Any CPU = Debug|Any CPU
		Release|Any CPU = Release|Any CPU
	EndGlobalSection
	GlobalSection(ProjectConfigurationPlatforms) = postSolution
		{F7DF76F7-C4BD-44D9-A6DE-6F93B595812F}.Debug|Any CPU.ActiveCfg = Debug|Any CPU
		{F7DF76F7-C4BD-44D9-A6DE-6F93B595812F}.Debug|Any CPU.Build.0 = Debug|Any CPU
		{F7DF76F7-C4BD-44D9-A6DE-6F93B595812F}.Release|Any CPU.ActiveCfg = Release|Any CPU
		{F7DF76F7-C4BD-44D9-A6DE-6F93B595812F}.Release|Any CPU.Build.0 = Release|Any CPU
	EndGlobalSection
	GlobalSection(SolutionProperties) = preSolution
		HideSolutionNode = FALSE
	EndGlobalSection
	GlobalSection(ExtensibilityGlobals) = postSolution
		SolutionGuid = {5E0B84BB-EBD7-4CAC-9F64-5657FFC78FB0}
	EndGlobalSection
EndGlobal
