
Microsoft Visual Studio Solution File, Format Version 12.00
# Visual Studio 15
VisualStudioVersion = 15.0.28307.329
MinimumVisualStudioVersion = 10.0.40219.1
Project("{FAE04EC0-301F-11D3-BF4B-00C04F79EFBC}") = "Sql database number bomber", "Sql database number bomber\Sql database number bomber.csproj", "{573BF513-6A57-418B-B214-682E609C9D48}"
EndProject
Global
	GlobalSection(SolutionConfigurationPlatforms) = preSolution
		Debug|Any CPU = Debug|Any CPU
		Release|Any CPU = Release|Any CPU
	EndGlobalSection
	GlobalSection(ProjectConfigurationPlatforms) = postSolution
		{573BF513-6A57-418B-B214-682E609C9D48}.Debug|Any CPU.ActiveCfg = Debug|Any CPU
		{573BF513-6A57-418B-B214-682E609C9D48}.Debug|Any CPU.Build.0 = Debug|Any CPU
		{573BF513-6A57-418B-B214-682E609C9D48}.Release|Any CPU.ActiveCfg = Release|Any CPU
		{573BF513-6A57-418B-B214-682E609C9D48}.Release|Any CPU.Build.0 = Release|Any CPU
	EndGlobalSection
	GlobalSection(SolutionProperties) = preSolution
		HideSolutionNode = FALSE
	EndGlobalSection
	GlobalSection(ExtensibilityGlobals) = postSolution
		SolutionGuid = {285CF090-4B3A-48C3-A633-C8A510AE5FEF}
	EndGlobalSection
EndGlobal
